{
  "name": "ogury-mock-publisher-www",
  "version": "0.1.0",
  "lockfileVersion": 1,
  "requires": true,
  "dependencies": {
    "consent-manager-js-sdk": {
      "version": "0.1.1",
      "resolved": "https://registry.npmjs.org/consent-manager-js-sdk/-/consent-manager-js-sdk-0.1.1.tgz",
      "integrity": "sha512-vAXjzI1LNOAiIlFlcjo0oA1JsHcIaqNZ7/dmciWL0KotevyeTMTXlFzrSkWSDGTfblAw7StWdwvPzak2oCSB+g=="
    }
  }
}
